
Microsoft Visual Studio Solution File, Format Version 12.00
# Visual Studio 15
VisualStudioVersion = 15.0.27703.2035
MinimumVisualStudioVersion = 10.0.40219.1
Project("{8BC9CEB8-8B4A-11D0-8D11-00A0C91BC942}") = "Recapitulare", "Recapitulare.vcxproj", "{4EF4A7F7-80D9-4646-949A-50D30D327863}"
EndProject
Global
	GlobalSection(SolutionConfigurationPlatforms) = preSolution
		Debug|x64 = Debug|x64
		Debug|x86 = Debug|x86
		Release|x64 = Release|x64
		Release|x86 = Release|x86
	EndGlobalSection
	GlobalSection(ProjectConfigurationPlatforms) = postSolution
		{4EF4A7F7-80D9-4646-949A-50D30D327863}.Debug|x64.ActiveCfg = Debug|x64
		{4EF4A7F7-80D9-4646-949A-50D30D327863}.Debug|x64.Build.0 = Debug|x64
		{4EF4A7F7-80D9-4646-949A-50D30D327863}.Debug|x86.ActiveCfg = Debug|Win32
		{4EF4A7F7-80D9-4646-949A-50D30D327863}.Debug|x86.Build.0 = Debug|Win32
		{4EF4A7F7-80D9-4646-949A-50D30D327863}.Release|x64.ActiveCfg = Release|x64
		{4EF4A7F7-80D9-4646-949A-50D30D327863}.Release|x64.Build.0 = Release|x64
		{4EF4A7F7-80D9-4646-949A-50D30D327863}.Release|x86.ActiveCfg = Release|Win32
		{4EF4A7F7-80D9-4646-949A-50D30D327863}.Release|x86.Build.0 = Release|Win32
	EndGlobalSection
	GlobalSection(SolutionProperties) = preSolution
		HideSolutionNode = FALSE
	EndGlobalSection
	GlobalSection(ExtensibilityGlobals) = postSolution
		SolutionGuid = {A93A647A-803A-40D2-9F33-ED08B830DC58}
	EndGlobalSection
EndGlobal
